
Microsoft Visual Studio Solution File, Format Version 12.00
# Visual Studio Version 16
VisualStudioVersion = 16.0.31702.278
MinimumVisualStudioVersion = 10.0.40219.1
Project("{FAE04EC0-301F-11D3-BF4B-00C04F79EFBC}") = "MinConflicts", "MinConflicts\MinConflicts.csproj", "{9F4F5A92-7541-43ED-8DBD-358006B1152F}"
EndProject
Global
	GlobalSection(SolutionConfigurationPlatforms) = preSolution
		Debug|Any CPU = Debug|Any CPU
		Release|Any CPU = Release|Any CPU
	EndGlobalSection
	GlobalSection(ProjectConfigurationPlatforms) = postSolution
		{9F4F5A92-7541-43ED-8DBD-358006B1152F}.Debug|Any CPU.ActiveCfg = Debug|Any CPU
		{9F4F5A92-7541-43ED-8DBD-358006B1152F}.Debug|Any CPU.Build.0 = Debug|Any CPU
		{9F4F5A92-7541-43ED-8DBD-358006B1152F}.Release|Any CPU.ActiveCfg = Release|Any CPU
		{9F4F5A92-7541-43ED-8DBD-358006B1152F}.Release|Any CPU.Build.0 = Release|Any CPU
	EndGlobalSection
	GlobalSection(SolutionProperties) = preSolution
		HideSolutionNode = FALSE
	EndGlobalSection
	GlobalSection(ExtensibilityGlobals) = postSolution
		SolutionGuid = {5CB5836C-5981-4029-90A7-5F6730B8E4A0}
	EndGlobalSection
EndGlobal
